Microsoft Visual Studio Solution File, Format Version 12.00
# Visual Studio Version 17
VisualStudioVersion = 17.0.31903.59
MinimumVisualStudioVersion = 10.0.40219.1
Project("{FAE04EC0-301F-11D3-BF4B-00C04F79EFBC}") = "AIrhythm.BasicPlugin", "AIrhythm.BasicPlugin\AIrhythm.BasicPlugin.csproj", "{E27F710D-4404-4AC8-8033-BF5E7E8F0685}"
EndProject
Project("{FAE04EC0-301F-11D3-BF4B-00C04F79EFBC}") = "TvAIrPlugin", "TvAIrPlugin\TvAIrPlugin.csproj", "{939DC0B9-CAD1-4F72-837F-3852131A56D8}"
EndProject
Global
	GlobalSection(SolutionConfigurationPlatforms) = preSolution
		Release|x64 = Release|x64
		Release|x86 = Release|x86
	EndGlobalSection
	GlobalSection(ProjectConfigurationPlatforms) = postSolution
		{E27F710D-4404-4AC8-8033-BF5E7E8F0685}.Release|x64.ActiveCfg = Release|x64
		{E27F710D-4404-4AC8-8033-BF5E7E8F0685}.Release|x64.Build.0 = Release|x64
		{939DC0B9-CAD1-4F72-837F-3852131A56D8}.Release|x64.ActiveCfg = Release|x64
		{939DC0B9-CAD1-4F72-837F-3852131A56D8}.Release|x64.Build.0 = Release|x64
		{E27F710D-4404-4AC8-8033-BF5E7E8F0685}.Release|x86.ActiveCfg = Release|x86
		{E27F710D-4404-4AC8-8033-BF5E7E8F0685}.Release|x86.Build.0 = Release|x86
		{939DC0B9-CAD1-4F72-837F-3852131A56D8}.Release|x86.ActiveCfg = Release|x86
		{939DC0B9-CAD1-4F72-837F-3852131A56D8}.Release|x86.Build.0 = Release|x86
	EndGlobalSection
EndGlobal
