Microsoft Visual Studio Solution File, Format Version 12.00
# Visual Studio Version 17
VisualStudioVersion = 17.0.31903.59
MinimumVisualStudioVersion = 10.0.40219.1
Project("{FAE04EC0-301F-11D3-BF4B-00C04F79EFBC}") = "AIrhythm.BasicPlugin", "AIrhythm.BasicPlugin\AIrhythm.BasicPlugin.csproj", "{A91BC2AF-4C7A-4D94-86D2-21E2B1B1A145}"
EndProject
Project("{FAE04EC0-301F-11D3-BF4B-00C04F79EFBC}") = "TvAIrPlugin", "SDK\TvAIrPlugin\TvAIrPlugin.csproj", "{C2B8C4E7-7C62-4A47-9B83-3156F9D6E2E0}"
EndProject
Global
	GlobalSection(SolutionConfigurationPlatforms) = preSolution
		Debug|Any CPU = Debug|Any CPU
		Release|Any CPU = Release|Any CPU
		Debug|x64 = Debug|x64
		Release|x64 = Release|x64
	EndGlobalSection
	GlobalSection(ProjectConfigurationPlatforms) = postSolution
		{A91BC2AF-4C7A-4D94-86D2-21E2B1B1A145}.Debug|Any CPU.ActiveCfg = Debug|Any CPU
		{A91BC2AF-4C7A-4D94-86D2-21E2B1B1A145}.Debug|Any CPU.Build.0 = Debug|Any CPU
		{A91BC2AF-4C7A-4D94-86D2-21E2B1B1A145}.Release|Any CPU.ActiveCfg = Release|Any CPU
		{A91BC2AF-4C7A-4D94-86D2-21E2B1B1A145}.Release|Any CPU.Build.0 = Release|Any CPU
		{A91BC2AF-4C7A-4D94-86D2-21E2B1B1A145}.Debug|x64.ActiveCfg = Debug|x64
		{A91BC2AF-4C7A-4D94-86D2-21E2B1B1A145}.Debug|x64.Build.0 = Debug|x64
		{A91BC2AF-4C7A-4D94-86D2-21E2B1B1A145}.Release|x64.ActiveCfg = Release|x64
		{A91BC2AF-4C7A-4D94-86D2-21E2B1B1A145}.Release|x64.Build.0 = Release|x64
		{C2B8C4E7-7C62-4A47-9B83-3156F9D6E2E0}.Debug|Any CPU.ActiveCfg = Debug|Any CPU
		{C2B8C4E7-7C62-4A47-9B83-3156F9D6E2E0}.Debug|Any CPU.Build.0 = Debug|Any CPU
		{C2B8C4E7-7C62-4A47-9B83-3156F9D6E2E0}.Release|Any CPU.ActiveCfg = Release|Any CPU
		{C2B8C4E7-7C62-4A47-9B83-3156F9D6E2E0}.Release|Any CPU.Build.0 = Release|Any CPU
		{C2B8C4E7-7C62-4A47-9B83-3156F9D6E2E0}.Debug|x64.ActiveCfg = Debug|Any CPU
		{C2B8C4E7-7C62-4A47-9B83-3156F9D6E2E0}.Debug|x64.Build.0 = Debug|Any CPU
		{C2B8C4E7-7C62-4A47-9B83-3156F9D6E2E0}.Release|x64.ActiveCfg = Release|Any CPU
		{C2B8C4E7-7C62-4A47-9B83-3156F9D6E2E0}.Release|x64.Build.0 = Release|Any CPU
	EndGlobalSection
	GlobalSection(SolutionProperties) = preSolution
		HideSolutionNode = FALSE
	EndGlobalSection
EndGlobal
